
Microsoft Visual Studio Solution File, Format Version 12.00
# Visual Studio Version 17
VisualStudioVersion = 17.13.35919.96 d17.13
MinimumVisualStudioVersion = 10.0.40219.1
Project("{FAE04EC0-301F-11D3-BF4B-00C04F79EFBC}") = "PersonalFinanceTracker.Domain", "PersonalFinanceTracker.Domain\PersonalFinanceTracker.Domain.csproj", "{2315F5DC-C44C-4DCF-8BEF-FF6B1FADC74F}"
EndProject
Project("{FAE04EC0-301F-11D3-BF4B-00C04F79EFBC}") = "PersonalFinanceTracker.Application", "PersonalFinanceTracker.Application\PersonalFinanceTracker.Application.csproj", "{4DB4F044-9329-4333-A411-5EFF24B24F24}"
EndProject
Project("{FAE04EC0-301F-11D3-BF4B-00C04F79EFBC}") = "PersonalFinanceTracker.Infrastructure", "PersonalFinanceTracker.Infrastructure\PersonalFinanceTracker.Infrastructure.csproj", "{915EAAE8-3892-4BD2-828A-EB29A6C8854C}"
EndProject
Project("{FAE04EC0-301F-11D3-BF4B-00C04F79EFBC}") = "PersonalFinanceTracker", "PersonalFinanceTracker\PersonalFinanceTracker.csproj", "{DC8A6642-E932-4F2B-92FE-C2632F5D5DCC}"
EndProject
Project("{FAE04EC0-301F-11D3-BF4B-00C04F79EFBC}") = "PersonalFinanceTracker.WebApi", "PersonalFinanceTracker.WebApi\PersonalFinanceTracker.WebApi.csproj", "{37D9FC21-F4CF-48C6-B5ED-5A4FA5A7346B}"
EndProject
Global
	GlobalSection(SolutionConfigurationPlatforms) = preSolution
		Debug|Any CPU = Debug|Any CPU
		Release|Any CPU = Release|Any CPU
	EndGlobalSection
	GlobalSection(ProjectConfigurationPlatforms) = postSolution
		{2315F5DC-C44C-4DCF-8BEF-FF6B1FADC74F}.Debug|Any CPU.ActiveCfg = Debug|Any CPU
		{2315F5DC-C44C-4DCF-8BEF-FF6B1FADC74F}.Debug|Any CPU.Build.0 = Debug|Any CPU
		{2315F5DC-C44C-4DCF-8BEF-FF6B1FADC74F}.Release|Any CPU.ActiveCfg = Release|Any CPU
		{2315F5DC-C44C-4DCF-8BEF-FF6B1FADC74F}.Release|Any CPU.Build.0 = Release|Any CPU
		{4DB4F044-9329-4333-A411-5EFF24B24F24}.Debug|Any CPU.ActiveCfg = Debug|Any CPU
		{4DB4F044-9329-4333-A411-5EFF24B24F24}.Debug|Any CPU.Build.0 = Debug|Any CPU
		{4DB4F044-9329-4333-A411-5EFF24B24F24}.Release|Any CPU.ActiveCfg = Release|Any CPU
		{4DB4F044-9329-4333-A411-5EFF24B24F24}.Release|Any CPU.Build.0 = Release|Any CPU
		{915EAAE8-3892-4BD2-828A-EB29A6C8854C}.Debug|Any CPU.ActiveCfg = Debug|Any CPU
		{915EAAE8-3892-4BD2-828A-EB29A6C8854C}.Debug|Any CPU.Build.0 = Debug|Any CPU
		{915EAAE8-3892-4BD2-828A-EB29A6C8854C}.Release|Any CPU.ActiveCfg = Release|Any CPU
		{915EAAE8-3892-4BD2-828A-EB29A6C8854C}.Release|Any CPU.Build.0 = Release|Any CPU
		{DC8A6642-E932-4F2B-92FE-C2632F5D5DCC}.Debug|Any CPU.ActiveCfg = Debug|Any CPU
		{DC8A6642-E932-4F2B-92FE-C2632F5D5DCC}.Debug|Any CPU.Build.0 = Debug|Any CPU
		{DC8A6642-E932-4F2B-92FE-C2632F5D5DCC}.Release|Any CPU.ActiveCfg = Release|Any CPU
		{DC8A6642-E932-4F2B-92FE-C2632F5D5DCC}.Release|Any CPU.Build.0 = Release|Any CPU
		{37D9FC21-F4CF-48C6-B5ED-5A4FA5A7346B}.Debug|Any CPU.ActiveCfg = Debug|Any CPU
		{37D9FC21-F4CF-48C6-B5ED-5A4FA5A7346B}.Debug|Any CPU.Build.0 = Debug|Any CPU
		{37D9FC21-F4CF-48C6-B5ED-5A4FA5A7346B}.Release|Any CPU.ActiveCfg = Release|Any CPU
		{37D9FC21-F4CF-48C6-B5ED-5A4FA5A7346B}.Release|Any CPU.Build.0 = Release|Any CPU
	EndGlobalSection
	GlobalSection(SolutionProperties) = preSolution
		HideSolutionNode = FALSE
	EndGlobalSection
	GlobalSection(ExtensibilityGlobals) = postSolution
		SolutionGuid = {CB809205-6065-466F-A759-80CB0BB3A7E9}
	EndGlobalSection
EndGlobal
